
Microsoft Visual Studio Solution File, Format Version 12.00
# Visual Studio Version 17
VisualStudioVersion = 17.7.34221.43
MinimumVisualStudioVersion = 10.0.40219.1
Project("{FAE04EC0-301F-11D3-BF4B-00C04F79EFBC}") = "SonicCPTDecryptor", "SonicCPTDecryptor\SonicCPTDecryptor.csproj", "{07572598-8F6C-4361-A12B-A47CE5F6FF01}"
EndProject
Global
	GlobalSection(SolutionConfigurationPlatforms) = preSolution
		Debug|Any CPU = Debug|Any CPU
		Release|Any CPU = Release|Any CPU
	EndGlobalSection
	GlobalSection(ProjectConfigurationPlatforms) = postSolution
		{07572598-8F6C-4361-A12B-A47CE5F6FF01}.Debug|Any CPU.ActiveCfg = Debug|Any CPU
		{07572598-8F6C-4361-A12B-A47CE5F6FF01}.Debug|Any CPU.Build.0 = Debug|Any CPU
		{07572598-8F6C-4361-A12B-A47CE5F6FF01}.Release|Any CPU.ActiveCfg = Release|Any CPU
		{07572598-8F6C-4361-A12B-A47CE5F6FF01}.Release|Any CPU.Build.0 = Release|Any CPU
	EndGlobalSection
	GlobalSection(SolutionProperties) = preSolution
		HideSolutionNode = FALSE
	EndGlobalSection
	GlobalSection(ExtensibilityGlobals) = postSolution
		SolutionGuid = {0516D258-0D14-4F0C-B003-E281D89AE1A5}
	EndGlobalSection
EndGlobal
